
Microsoft Visual Studio Solution File, Format Version 12.00
# Visual Studio Version 16
VisualStudioVersion = 16.0.30104.148
MinimumVisualStudioVersion = 10.0.40219.1
Project("{FAE04EC0-301F-11D3-BF4B-00C04F79EFBC}") = "FrontEndApp", "FrontEndApp\FrontEndApp.csproj", "{0010A3BF-700B-4830-9F62-308A170855B0}"
EndProject
Global
	GlobalSection(SolutionConfigurationPlatforms) = preSolution
		Debug|Any CPU = Debug|Any CPU
		Release|Any CPU = Release|Any CPU
	EndGlobalSection
	GlobalSection(ProjectConfigurationPlatforms) = postSolution
		{0010A3BF-700B-4830-9F62-308A170855B0}.Debug|Any CPU.ActiveCfg = Debug|Any CPU
		{0010A3BF-700B-4830-9F62-308A170855B0}.Debug|Any CPU.Build.0 = Debug|Any CPU
		{0010A3BF-700B-4830-9F62-308A170855B0}.Release|Any CPU.ActiveCfg = Release|Any CPU
		{0010A3BF-700B-4830-9F62-308A170855B0}.Release|Any CPU.Build.0 = Release|Any CPU
	EndGlobalSection
	GlobalSection(SolutionProperties) = preSolution
		HideSolutionNode = FALSE
	EndGlobalSection
	GlobalSection(ExtensibilityGlobals) = postSolution
		SolutionGuid = {A4D0265B-0A36-45E5-AE09-79BC2B53DD80}
	EndGlobalSection
EndGlobal
